// !$*UTF8*$!
{
	archiveVersion = 1;
	classes = {
	};
	objectVersion = 46;
	objects = {

/* Begin PBXBuildFile section */
		33348BE21E08E938000F45E0 /* AppDelegate.swift in Sources */ = {isa = PBXBuildFile; fileRef = 33348BE11E08E938000F45E0 /* AppDelegate.swift */; };
		33348BE41E08E938000F45E0 /* ViewController.swift in Sources */ = {isa = PBXBuildFile; fileRef = 33348BE31E08E938000F45E0 /* ViewController.swift */; };
		33348BE71E08E938000F45E0 /* Main.storyboard in Resources */ = {isa = PBXBuildFile; fileRef = 33348BE51E08E938000F45E0 /* Main.storyboard */; };
		33348BE91E08E938000F45E0 /* Assets.xcassets in Resources */ = {isa = PBXBuildFile; fileRef = 33348BE81E08E938000F45E0 /* Assets.xcassets */; };
		33348BEC1E08E938000F45E0 /* LaunchScreen.storyboard in Resources */ = {isa = PBXBuildFile; fileRef = 33348BEA1E08E938000F45E0 /* LaunchScreen.storyboard */; };
		33348BF71E08E938000F45E0 /* TestStatusBarHiddenTests.swift in Sources */ = {isa = PBXBuildFile; fileRef = 33348BF61E08E938000F45E0 /* TestStatusBarHiddenTests.swift */; };
		33348C021E08E938000F45E0 /* TestStatusBarHiddenUITests.swift in Sources */ = {isa = PBXBuildFile; fileRef = 33348C011E08E938000F45E0 /* TestStatusBarHiddenUITests.swift */; };
/* End PBXBuildFile section */

/* Begin PBXContainerItemProxy section */
		33348BF31E08E938000F45E0 /* PBXContainerItemProxy */ = {
			isa = PBXContainerItemProxy;
			containerPortal = 33348BD61E08E937000F45E0 /* Project object */;
			proxyType = 1;
			remoteGlobalIDString = 33348BDD1E08E937000F45E0;
			remoteInfo = TestStatusBarHidden;
		};
		33348BFE1E08E938000F45E0 /* PBXContainerItemProxy */ = {
			isa = PBXContainerItemProxy;
			containerPortal = 33348BD61E08E937000F45E0 /* Project object */;
			proxyType = 1;
			remoteGlobalIDString = 33348BDD1E08E937000F45E0;
			remoteInfo = TestStatusBarHidden;
		};
/* End PBXContainerItemProxy section */

/* Begin PBXFileReference section */
		33348BDE1E08E937000F45E0 /* TestStatusBarHidden.app */ = {isa = PBXFileReference; explicitFileType = wrapper.application; includeInIndex = 0; path = TestStatusBarHidden.app; sourceTree = BUILT_PRODUCTS_DIR; };
		33348BE11E08E938000F45E0 /* AppDelegate.swift */ = {isa = PBXFileReference; lastKnownFileType = sourcecode.swift; path = AppDelegate.swift; sourceTree = "<group>"; };
		33348BE31E08E938000F45E0 /* ViewController.swift */ = {isa = PBXFileReference; lastKnownFileType = sourcecode.swift; path = ViewController.swift; sourceTree = "<group>"; };
		33348BE61E08E938000F45E0 /* Base */ = {isa = PBXFileReference; lastKnownFileType = file.storyboard; name = Base; path = Base.lproj/Main.storyboard; sourceTree = "<group>"; };
		33348BE81E08E938000F45E0 /* Assets.xcassets */ = {isa = PBXFileReference; lastKnownFileType = folder.assetcatalog; path = Assets.xcassets; sourceTree = "<group>"; };
		33348BEB1E08E938000F45E0 /* Base */ = {isa = PBXFileReference; lastKnownFileType = file.storyboard; name = Base; path = Base.lproj/LaunchScreen.storyboard; sourceTree = "<group>"; };
		33348BED1E08E938000F45E0 /* Info.plist */ = {isa = PBXFileReference; lastKnownFileType = text.plist.xml; path = Info.plist; sourceTree = "<group>"; };
		33348BF21E08E938000F45E0 /* TestStatusBarHiddenTests.xctest */ = {isa = PBXFileReference; explicitFileType = wrapper.cfbundle; includeInIndex = 0; path = TestStatusBarHiddenTests.xctest; sourceTree = BUILT_PRODUCTS_DIR; };
		33348BF61E08E938000F45E0 /* TestStatusBarHiddenTests.swift */ = {isa = PBXFileReference; lastKnownFileType = sourcecode.swift; path = TestStatusBarHiddenTests.swift; sourceTree = "<group>"; };
		33348BF81E08E938000F45E0 /* Info.plist */ = {isa = PBXFileReference; lastKnownFileType = text.plist.xml; path = Info.plist; sourceTree = "<group>"; };
		33348BFD1E08E938000F45E0 /* TestStatusBarHiddenUITests.xctest */ = {isa = PBXFileReference; explicitFileType = wrapper.cfbundle; includeInIndex = 0; path = TestStatusBarHiddenUITests.xctest; sourceTree = BUILT_PRODUCTS_DIR; };
		33348C011E08E938000F45E0 /* TestStatusBarHiddenUITests.swift */ = {isa = PBXFileReference; lastKnownFileType = sourcecode.swift; path = TestStatusBarHiddenUITests.swift; sourceTree = "<group>"; };
		33348C031E08E938000F45E0 /* Info.plist */ = {isa = PBXFileReference; lastKnownFileType = text.plist.xml; path = Info.plist; sourceTree = "<group>"; };
/* End PBXFileReference section */

/* Begin PBXFrameworksBuildPhase section */
		33348BDB1E08E937000F45E0 /* Frameworks */ = {
			isa = PBXFrameworksBuildPhase;
			buildActionMask = 2147483647;
			files = (
			);
			runOnlyForDeploymentPostprocessing = 0;
		};
		33348BEF1E08E938000F45E0 /* Frameworks */ = {
			isa = PBXFrameworksBuildPhase;
			buildActionMask = 2147483647;
			files = (
			);
			runOnlyForDeploymentPostprocessing = 0;
		};
		33348BFA1E08E938000F45E0 /* Frameworks */ = {
			isa = PBXFrameworksBuildPhase;
			buildActionMask = 2147483647;
			files = (
			);
			runOnlyForDeploymentPostprocessing = 0;
		};
/* End PBXFrameworksBuildPhase section */

/* Begin PBXGroup section */
		33348BD51E08E937000F45E0 = {
			isa = PBXGroup;
			children = (
				33348BE01E08E938000F45E0 /* TestStatusBarHidden */,
				33348BF51E08E938000F45E0 /* TestStatusBarHiddenTests */,
				33348C001E08E938000F45E0 /* TestStatusBarHiddenUITests */,
				33348BDF1E08E937000F45E0 /* Products */,
			);
			sourceTree = "<group>";
		};
		33348BDF1E08E937000F45E0 /* Products */ = {
			isa = PBXGroup;
			children = (
				33348BDE1E08E937000F45E0 /* TestStatusBarHidden.app */,
				33348BF21E08E938000F45E0 /* TestStatusBarHiddenTests.xctest */,
				33348BFD1E08E938000F45E0 /* TestStatusBarHiddenUITests.xctest */,
			);
			name = Products;
			sourceTree = "<group>";
		};
		33348BE01E08E938000F45E0 /* TestStatusBarHidden */ = {
			isa = PBXGroup;
			children = (
				33348BE11E08E938000F45E0 /* AppDelegate.swift */,
				33348BE31E08E938000F45E0 /* ViewController.swift */,
				33348BE51E08E938000F45E0 /* Main.storyboard */,
				33348BE81E08E938000F45E0 /* Assets.xcassets */,
				33348BEA1E08E938000F45E0 /* LaunchScreen.storyboard */,
				33348BED1E08E938000F45E0 /* Info.plist */,
			);
			path = TestStatusBarHidden;
			sourceTree = "<group>";
		};
		33348BF51E08E938000F45E0 /* TestStatusBarHiddenTests */ = {
			isa = PBXGroup;
			children = (
				33348BF61E08E938000F45E0 /* TestStatusBarHiddenTests.swift */,
				33348BF81E08E938000F45E0 /* Info.plist */,
			);
			path = TestStatusBarHiddenTests;
			sourceTree = "<group>";
		};
		33348C001E08E938000F45E0 /* TestStatusBarHiddenUITests */ = {
			isa = PBXGroup;
			children = (
				33348C011E08E938000F45E0 /* TestStatusBarHiddenUITests.swift */,
				33348C031E08E938000F45E0 /* Info.plist */,
			);
			path = TestStatusBarHiddenUITests;
			sourceTree = "<group>";
		};
/* End PBXGroup section */

/* Begin PBXNativeTarget section */
		33348BDD1E08E937000F45E0 /* TestStatusBarHidden */ = {
			isa = PBXNativeTarget;
			buildConfigurationList = 33348C061E08E938000F45E0 /* Build configuration list for PBXNativeTarget "TestStatusBarHidden" */;
			buildPhases = (
				33348BDA1E08E937000F45E0 /* Sources */,
				33348BDB1E08E937000F45E0 /* Frameworks */,
				33348BDC1E08E937000F45E0 /* Resources */,
			);
			buildRules = (
			);
			dependencies = (
			);
			name = TestStatusBarHidden;
			productName = TestStatusBarHidden;
			productReference = 33348BDE1E08E937000F45E0 /* TestStatusBarHidden.app */;
			productType = "com.apple.product-type.application";
		};
		33348BF11E08E938000F45E0 /* TestStatusBarHiddenTests */ = {
			isa = PBXNativeTarget;
			buildConfigurationList = 33348C091E08E938000F45E0 /* Build configuration list for PBXNativeTarget "TestStatusBarHiddenTests" */;
			buildPhases = (
				33348BEE1E08E938000F45E0 /* Sources */,
				33348BEF1E08E938000F45E0 /* Frameworks */,
				33348BF01E08E938000F45E0 /* Resources */,
			);
			buildRules = (
			);
			dependencies = (
				33348BF41E08E938000F45E0 /* PBXTargetDependency */,
			);
			name = TestStatusBarHiddenTests;
			productName = TestStatusBarHiddenTests;
			productReference = 33348BF21E08E938000F45E0 /* TestStatusBarHiddenTests.xctest */;
			productType = "com.apple.product-type.bundle.unit-test";
		};
		33348BFC1E08E938000F45E0 /* TestStatusBarHiddenUITests */ = {
			isa = PBXNativeTarget;
			buildConfigurationList = 33348C0C1E08E938000F45E0 /* Build configuration list for PBXNativeTarget "TestStatusBarHiddenUITests" */;
			buildPhases = (
				33348BF91E08E938000F45E0 /* Sources */,
				33348BFA1E08E938000F45E0 /* Frameworks */,
				33348BFB1E08E938000F45E0 /* Resources */,
			);
			buildRules = (
			);
			dependencies = (
				33348BFF1E08E938000F45E0 /* PBXTargetDependency */,
			);
			name = TestStatusBarHiddenUITests;
			productName = TestStatusBarHiddenUITests;
			productReference = 33348BFD1E08E938000F45E0 /* TestStatusBarHiddenUITests.xctest */;
			productType = "com.apple.product-type.bundle.ui-testing";
		};
/* End PBXNativeTarget section */

/* Begin PBXProject section */
		33348BD61E08E937000F45E0 /* Project object */ = {
			isa = PBXProject;
			attributes = {
				LastSwiftUpdateCheck = 0820;
				LastUpgradeCheck = 0820;
				ORGANIZATIONNAME = "Sky Grid LLC.";
				TargetAttributes = {
					33348BDD1E08E937000F45E0 = {
						CreatedOnToolsVersion = 8.2.1;
						DevelopmentTeam = SY7KVAK73B;
						ProvisioningStyle = Automatic;
					};
					33348BF11E08E938000F45E0 = {
						CreatedOnToolsVersion = 8.2.1;
						DevelopmentTeam = SY7KVAK73B;
						ProvisioningStyle = Automatic;
						TestTargetID = 33348BDD1E08E937000F45E0;
					};
					33348BFC1E08E938000F45E0 = {
						CreatedOnToolsVersion = 8.2.1;
						DevelopmentTeam = SY7KVAK73B;
						ProvisioningStyle = Automatic;
						TestTargetID = 33348BDD1E08E937000F45E0;
					};
				};
			};
			buildConfigurationList = 33348BD91E08E937000F45E0 /* Build configuration list for PBXProject "TestStatusBarHidden" */;
			compatibilityVersion = "Xcode 3.2";
			developmentRegion = English;
			hasScannedForEncodings = 0;
			knownRegions = (
				en,
				Base,
			);
			mainGroup = 33348BD51E08E937000F45E0;
			productRefGroup = 33348BDF1E08E937000F45E0 /* Products */;
			projectDirPath = "";
			projectRoot = "";
			targets = (
				33348BDD1E08E937000F45E0 /* TestStatusBarHidden */,
				33348BF11E08E938000F45E0 /* TestStatusBarHiddenTests */,
				33348BFC1E08E938000F45E0 /* TestStatusBarHiddenUITests */,
			);
		};
/* End PBXProject section */

/* Begin PBXResourcesBuildPhase section */
		33348BDC1E08E937000F45E0 /* Resources */ = {
			isa = PBXResourcesBuildPhase;
			buildActionMask = 2147483647;
			files = (
				33348BEC1E08E938000F45E0 /* LaunchScreen.storyboard in Resources */,
				33348BE91E08E938000F45E0 /* Assets.xcassets in Resources */,
				33348BE71E08E938000F45E0 /* Main.storyboard in Resources */,
			);
			runOnlyForDeploymentPostprocessing = 0;
		};
		33348BF01E08E938000F45E0 /* Resources */ = {
			isa = PBXResourcesBuildPhase;
			buildActionMask = 2147483647;
			files = (
			);
			runOnlyForDeploymentPostprocessing = 0;
		};
		33348BFB1E08E938000F45E0 /* Resources */ = {
			isa = PBXResourcesBuildPhase;
			buildActionMask = 2147483647;
			files = (
			);
			runOnlyForDeploymentPostprocessing = 0;
		};
/* End PBXResourcesBuildPhase section */

/* Begin PBXSourcesBuildPhase section */
		33348BDA1E08E937000F45E0 /* Sources */ = {
			isa = PBXSourcesBuildPhase;
			buildActionMask = 2147483647;
			files = (
				33348BE41E08E938000F45E0 /* ViewController.swift in Sources */,
				33348BE21E08E938000F45E0 /* AppDelegate.swift in Sources */,
			);
			runOnlyForDeploymentPostprocessing = 0;
		};
		33348BEE1E08E938000F45E0 /* Sources */ = {
			isa = PBXSourcesBuildPhase;
			buildActionMask = 2147483647;
			files = (
				33348BF71E08E938000F45E0 /* TestStatusBarHiddenTests.swift in Sources */,
			);
			runOnlyForDeploymentPostprocessing = 0;
		};
		33348BF91E08E938000F45E0 /* Sources */ = {
			isa = PBXSourcesBuildPhase;
			buildActionMask = 2147483647;
			files = (
				33348C021E08E938000F45E0 /* TestStatusBarHiddenUITests.swift in Sources */,
			);
			runOnlyForDeploymentPostprocessing = 0;
		};
/* End PBXSourcesBuildPhase section */

/* Begin PBXTargetDependency section */
		33348BF41E08E938000F45E0 /* PBXTargetDependency */ = {
			isa = PBXTargetDependency;
			target = 33348BDD1E08E937000F45E0 /* TestStatusBarHidden */;
			targetProxy = 33348BF31E08E938000F45E0 /* PBXContainerItemProxy */;
		};
		33348BFF1E08E938000F45E0 /* PBXTargetDependency */ = {
			isa = PBXTargetDependency;
			target = 33348BDD1E08E937000F45E0 /* TestStatusBarHidden */;
			targetProxy = 33348BFE1E08E938000F45E0 /* PBXContainerItemProxy */;
		};
/* End PBXTargetDependency section */

/* Begin PBXVariantGroup section */
		33348BE51E08E938000F45E0 /* Main.storyboard */ = {
			isa = PBXVariantGroup;
			children = (
				33348BE61E08E938000F45E0 /* Base */,
			);
			name = Main.storyboard;
			sourceTree = "<group>";
		};
		33348BEA1E08E938000F45E0 /* LaunchScreen.storyboard */ = {
			isa = PBXVariantGroup;
			children = (
				33348BEB1E08E938000F45E0 /* Base */,
			);
			name = LaunchScreen.storyboard;
			sourceTree = "<group>";
		};
/* End PBXVariantGroup section */

/* Begin XCBuildConfiguration section */
		33348C041E08E938000F45E0 /* Debug */ = {
			isa = XCBuildConfiguration;
			buildSettings = {
				ALWAYS_SEARCH_USER_PATHS = NO;
				CLANG_ANALYZER_NONNULL = YES;
				CLANG_CXX_LANGUAGE_STANDARD = "gnu++0x";
				CLANG_CXX_LIBRARY = "libc++";
				CLANG_ENABLE_MODULES = YES;
				CLANG_ENABLE_OBJC_ARC = YES;
				CLANG_WARN_BOOL_CONVERSION = YES;
				CLANG_WARN_CONSTANT_CONVERSION = YES;
				CLANG_WARN_DIRECT_OBJC_ISA_USAGE = YES_ERROR;
				CLANG_WARN_DOCUMENTATION_COMMENTS = YES;
				CLANG_WARN_EMPTY_BODY = YES;
				CLANG_WARN_ENUM_CONVERSION = YES;
				CLANG_WARN_INFINITE_RECURSION = YES;
				CLANG_WARN_INT_CONVERSION = YES;
				CLANG_WARN_OBJC_ROOT_CLASS = YES_ERROR;
				CLANG_WARN_SUSPICIOUS_MOVE = YES;
				CLANG_WARN_UNREACHABLE_CODE = YES;
				CLANG_WARN__DUPLICATE_METHOD_MATCH = YES;
				"CODE_SIGN_IDENTITY[sdk=iphoneos*]" = "iPhone Developer";
				COPY_PHASE_STRIP = NO;
				DEBUG_INFORMATION_FORMAT = dwarf;
				ENABLE_STRICT_OBJC_MSGSEND = YES;
				ENABLE_TESTABILITY = YES;
				GCC_C_LANGUAGE_STANDARD = gnu99;
				GCC_DYNAMIC_NO_PIC = NO;
				GCC_NO_COMMON_BLOCKS = YES;
				GCC_OPTIMIZATION_LEVEL = 0;
				GCC_PREPROCESSOR_DEFINITIONS = (
					"DEBUG=1",
					"$(inherited)",
				);
				GCC_WARN_64_TO_32_BIT_CONVERSION = YES;
				GCC_WARN_ABOUT_RETURN_TYPE = YES_ERROR;
				GCC_WARN_UNDECLARED_SELECTOR = YES;
				GCC_WARN_UNINITIALIZED_AUTOS = YES_AGGRESSIVE;
				GCC_WARN_UNUSED_FUNCTION = YES;
				GCC_WARN_UNUSED_VARIABLE = YES;
				IPHONEOS_DEPLOYMENT_TARGET = 10.2;
				MTL_ENABLE_DEBUG_INFO = YES;
				ONLY_ACTIVE_ARCH = YES;
				SDKROOT = iphoneos;
				SWIFT_ACTIVE_COMPILATION_CONDITIONS = DEBUG;
				SWIFT_OPTIMIZATION_LEVEL = "-Onone";
				TARGETED_DEVICE_FAMILY = "1,2";
			};
			name = Debug;
		};
		33348C051E08E938000F45E0 /* Release */ = {
			isa = XCBuildConfiguration;
			buildSettings = {
				ALWAYS_SEARCH_USER_PATHS = NO;
				CLANG_ANALYZER_NONNULL = YES;
				CLANG_CXX_LANGUAGE_STANDARD = "gnu++0x";
				CLANG_CXX_LIBRARY = "libc++";
				CLANG_ENABLE_MODULES = YES;
				CLANG_ENABLE_OBJC_ARC = YES;
				CLANG_WARN_BOOL_CONVERSION = YES;
				CLANG_WARN_CONSTANT_CONVERSION = YES;
				CLANG_WARN_DIRECT_OBJC_ISA_USAGE = YES_ERROR;
				CLANG_WARN_DOCUMENTATION_COMMENTS = YES;
				CLANG_WARN_EMPTY_BODY = YES;
				CLANG_WARN_ENUM_CONVERSION = YES;
				CLANG_WARN_INFINITE_RECURSION = YES;
				CLANG_WARN_INT_CONVERSION = YES;
				CLANG_WARN_OBJC_ROOT_CLASS = YES_ERROR;
				CLANG_WARN_SUSPICIOUS_MOVE = YES;
				CLANG_WARN_UNREACHABLE_CODE = YES;
				CLANG_WARN__DUPLICATE_METHOD_MATCH = YES;
				"CODE_SIGN_IDENTITY[sdk=iphoneos*]" = "iPhone Developer";
				COPY_PHASE_STRIP = NO;
				DEBUG_INFORMATION_FORMAT = "dwarf-with-dsym";
				ENABLE_NS_ASSERTIONS = NO;
				ENABLE_STRICT_OBJC_MSGSEND = YES;
				GCC_C_LANGUAGE_STANDARD = gnu99;
				GCC_NO_COMMON_BLOCKS = YES;
				GCC_WARN_64_TO_32_BIT_CONVERSION = YES;
				GCC_WARN_ABOUT_RETURN_TYPE = YES_ERROR;
				GCC_WARN_UNDECLARED_SELECTOR = YES;
				GCC_WARN_UNINITIALIZED_AUTOS = YES_AGGRESSIVE;
				GCC_WARN_UNUSED_FUNCTION = YES;
				GCC_WARN_UNUSED_VARIABLE = YES;
				IPHONEOS_DEPLOYMENT_TARGET = 10.2;
				MTL_ENABLE_DEBUG_INFO = NO;
				SDKROOT = iphoneos;
				SWIFT_OPTIMIZATION_LEVEL = "-Owholemodule";
				TARGETED_DEVICE_FAMILY = "1,2";
				VALIDATE_PRODUCT = YES;
			};
			name = Release;
		};
		33348C071E08E938000F45E0 /* Debug */ = {
			isa = XCBuildConfiguration;
			buildSettings = {
				ASSETCATALOG_COMPILER_APPICON_NAME = AppIcon;
				DEVELOPMENT_TEAM = SY7KVAK73B;
				INFOPLIST_FILE = TestStatusBarHidden/Info.plist;
				LD_RUNPATH_SEARCH_PATHS = "$(inherited) @executable_path/Frameworks";
				PRODUCT_BUNDLE_IDENTIFIER = jp.co.skygrid.TestStatusBarHidden;
				PRODUCT_NAME = "$(TARGET_NAME)";
				SWIFT_VERSION = 3.0;
			};
			name = Debug;
		};
		33348C081E08E938000F45E0 /* Release */ = {
			isa = XCBuildConfiguration;
			buildSettings = {
				ASSETCATALOG_COMPILER_APPICON_NAME = AppIcon;
				DEVELOPMENT_TEAM = SY7KVAK73B;
				INFOPLIST_FILE = TestStatusBarHidden/Info.plist;
				LD_RUNPATH_SEARCH_PATHS = "$(inherited) @executable_path/Frameworks";
				PRODUCT_BUNDLE_IDENTIFIER = jp.co.skygrid.TestStatusBarHidden;
				PRODUCT_NAME = "$(TARGET_NAME)";
				SWIFT_VERSION = 3.0;
			};
			name = Release;
		};
		33348C0A1E08E938000F45E0 /* Debug */ = {
			isa = XCBuildConfiguration;
			buildSettings = {
				ALWAYS_EMBED_SWIFT_STANDARD_LIBRARIES = YES;
				BUNDLE_LOADER = "$(TEST_HOST)";
				DEVELOPMENT_TEAM = SY7KVAK73B;
				INFOPLIST_FILE = TestStatusBarHiddenTests/Info.plist;
				LD_RUNPATH_SEARCH_PATHS = "$(inherited) @executable_path/Frameworks @loader_path/Frameworks";
				PRODUCT_BUNDLE_IDENTIFIER = jp.co.skygrid.TestStatusBarHiddenTests;
				PRODUCT_NAME = "$(TARGET_NAME)";
				SWIFT_VERSION = 3.0;
				TEST_HOST = "$(BUILT_PRODUCTS_DIR)/TestStatusBarHidden.app/TestStatusBarHidden";
			};
			name = Debug;
		};
		33348C0B1E08E938000F45E0 /* Release */ = {
			isa = XCBuildConfiguration;
			buildSettings = {
				ALWAYS_EMBED_SWIFT_STANDARD_LIBRARIES = YES;
				BUNDLE_LOADER = "$(TEST_HOST)";
				DEVELOPMENT_TEAM = SY7KVAK73B;
				INFOPLIST_FILE = TestStatusBarHiddenTests/Info.plist;
				LD_RUNPATH_SEARCH_PATHS = "$(inherited) @executable_path/Frameworks @loader_path/Frameworks";
				PRODUCT_BUNDLE_IDENTIFIER = jp.co.skygrid.TestStatusBarHiddenTests;
				PRODUCT_NAME = "$(TARGET_NAME)";
				SWIFT_VERSION = 3.0;
				TEST_HOST = "$(BUILT_PRODUCTS_DIR)/TestStatusBarHidden.app/TestStatusBarHidden";
			};
			name = Release;
		};
		33348C0D1E08E938000F45E0 /* Debug */ = {
			isa = XCBuildConfiguration;
			buildSettings = {
				ALWAYS_EMBED_SWIFT_STANDARD_LIBRARIES = YES;
				DEVELOPMENT_TEAM = SY7KVAK73B;
				INFOPLIST_FILE = TestStatusBarHiddenUITests/Info.plist;
				LD_RUNPATH_SEARCH_PATHS = "$(inherited) @executable_path/Frameworks @loader_path/Frameworks";
				PRODUCT_BUNDLE_IDENTIFIER = jp.co.skygrid.TestStatusBarHiddenUITests;
				PRODUCT_NAME = "$(TARGET_NAME)";
				SWIFT_VERSION = 3.0;
				TEST_TARGET_NAME = TestStatusBarHidden;
			};
			name = Debug;
		};
		33348C0E1E08E938000F45E0 /* Release */ = {
			isa = XCBuildConfiguration;
			buildSettings = {
				ALWAYS_EMBED_SWIFT_STANDARD_LIBRARIES = YES;
				DEVELOPMENT_TEAM = SY7KVAK73B;
				INFOPLIST_FILE = TestStatusBarHiddenUITests/Info.plist;
				LD_RUNPATH_SEARCH_PATHS = "$(inherited) @executable_path/Frameworks @loader_path/Frameworks";
				PRODUCT_BUNDLE_IDENTIFIER = jp.co.skygrid.TestStatusBarHiddenUITests;
				PRODUCT_NAME = "$(TARGET_NAME)";
				SWIFT_VERSION = 3.0;
				TEST_TARGET_NAME = TestStatusBarHidden;
			};
			name = Release;
		};
/* End XCBuildConfiguration section */

/* Begin XCConfigurationList section */
		33348BD91E08E937000F45E0 /* Build configuration list for PBXProject "TestStatusBarHidden" */ = {
			isa = XCConfigurationList;
			buildConfigurations = (
				33348C041E08E938000F45E0 /* Debug */,
				33348C051E08E938000F45E0 /* Release */,
			);
			defaultConfigurationIsVisible = 0;
			defaultConfigurationName = Release;
		};
		33348C061E08E938000F45E0 /* Build configuration list for PBXNativeTarget "TestStatusBarHidden" */ = {
			isa = XCConfigurationList;
			buildConfigurations = (
				33348C071E08E938000F45E0 /* Debug */,
				33348C081E08E938000F45E0 /* Release */,
			);
			defaultConfigurationIsVisible = 0;
		};
		33348C091E08E938000F45E0 /* Build configuration list for PBXNativeTarget "TestStatusBarHiddenTests" */ = {
			isa = XCConfigurationList;
			buildConfigurations = (
				33348C0A1E08E938000F45E0 /* Debug */,
				33348C0B1E08E938000F45E0 /* Release */,
			);
			defaultConfigurationIsVisible = 0;
		};
		33348C0C1E08E938000F45E0 /* Build configuration list for PBXNativeTarget "TestStatusBarHiddenUITests" */ = {
			isa = XCConfigurationList;
			buildConfigurations = (
				33348C0D1E08E938000F45E0 /* Debug */,
				33348C0E1E08E938000F45E0 /* Release */,
			);
			defaultConfigurationIsVisible = 0;
		};
/* End XCConfigurationList section */
	};
	rootObject = 33348BD61E08E937000F45E0 /* Project object */;
}
